
Microsoft Visual Studio Solution File, Format Version 12.00
# Visual Studio 15
VisualStudioVersion = 15.0.28307.705
MinimumVisualStudioVersion = 10.0.40219.1
Project("{FAE04EC0-301F-11D3-BF4B-00C04F79EFBC}") = "CalculadoraDiferente", "CalculadoraDiferente\CalculadoraDiferente.csproj", "{52B4788F-9658-4245-9A1B-6D96C26FE150}"
EndProject
Global
	GlobalSection(SolutionConfigurationPlatforms) = preSolution
		Debug|Any CPU = Debug|Any CPU
		Release|Any CPU = Release|Any CPU
	EndGlobalSection
	GlobalSection(ProjectConfigurationPlatforms) = postSolution
		{52B4788F-9658-4245-9A1B-6D96C26FE150}.Debug|Any CPU.ActiveCfg = Debug|Any CPU
		{52B4788F-9658-4245-9A1B-6D96C26FE150}.Debug|Any CPU.Build.0 = Debug|Any CPU
		{52B4788F-9658-4245-9A1B-6D96C26FE150}.Release|Any CPU.ActiveCfg = Release|Any CPU
		{52B4788F-9658-4245-9A1B-6D96C26FE150}.Release|Any CPU.Build.0 = Release|Any CPU
	EndGlobalSection
	GlobalSection(SolutionProperties) = preSolution
		HideSolutionNode = FALSE
	EndGlobalSection
	GlobalSection(ExtensibilityGlobals) = postSolution
		SolutionGuid = {29333C5C-229E-4B79-A686-24BE8D21BA70}
	EndGlobalSection
EndGlobal
